
Microsoft Visual Studio Solution File, Format Version 12.00
# Visual Studio Version 16
VisualStudioVersion = 16.0.29324.140
MinimumVisualStudioVersion = 10.0.40219.1
Project("{9A19103F-16F7-4668-BE54-9A1E7A4F7556}") = "nClam", "nClam\nClam.csproj", "{4F90429F-3CB1-4972-AEC1-3A06FA8841D1}"
EndProject
Project("{2150E333-8FDC-42A3-9474-1A3956D46DE8}") = "nClamMethod", "nClamMethod", "{30452AB0-23BE-49EC-9CA7-75B321224AE0}"
EndProject
Project("{2150E333-8FDC-42A3-9474-1A3956D46DE8}") = "MClamMethod", "MClamMethod", "{7A9EE8D9-79AE-42FD-9415-471DC0A865A1}"
EndProject
Project("{FAE04EC0-301F-11D3-BF4B-00C04F79EFBC}") = "MClam", "MClam\MClam.csproj", "{12EBDE43-C8C0-4E1A-A90E-CCEDD192F3C4}"
EndProject
Project("{FAE04EC0-301F-11D3-BF4B-00C04F79EFBC}") = "MClam.Freshclam", "MClam.Freshclam\MClam.Freshclam.csproj", "{1227CB89-959D-4881-95F7-2A59B89313B1}"
EndProject
Project("{FAE04EC0-301F-11D3-BF4B-00C04F79EFBC}") = "MClam.Sigtool", "MClam.Sigtool\MClam.Sigtool.csproj", "{BD3077BF-A142-4F06-B9C7-DA9B854F8135}"
EndProject
Project("{FAE04EC0-301F-11D3-BF4B-00C04F79EFBC}") = "Knitrix.Antivirus.Console.nClam", "Knitrix.Antivirus.Console.nClam\Knitrix.Antivirus.Console.nClam.csproj", "{BF7B4064-77F0-4521-BB35-EA8A69C058D1}"
EndProject
Project("{FAE04EC0-301F-11D3-BF4B-00C04F79EFBC}") = "Knitrix.Antivirus.Console.MClam", "Knitrix.Antivirus.Console.MClam\Knitrix.Antivirus.Console.MClam.csproj", "{1FC039C7-6E2D-4312-9A84-3E4E217542F5}"
EndProject
Global
	GlobalSection(SolutionConfigurationPlatforms) = preSolution
		Debug|Any CPU = Debug|Any CPU
		Debug|x64 = Debug|x64
		Debug|x86 = Debug|x86
		Release|Any CPU = Release|Any CPU
		Release|x64 = Release|x64
		Release|x86 = Release|x86
	EndGlobalSection
	GlobalSection(ProjectConfigurationPlatforms) = postSolution
		{4F90429F-3CB1-4972-AEC1-3A06FA8841D1}.Debug|Any CPU.ActiveCfg = Debug|Any CPU
		{4F90429F-3CB1-4972-AEC1-3A06FA8841D1}.Debug|Any CPU.Build.0 = Debug|Any CPU
		{4F90429F-3CB1-4972-AEC1-3A06FA8841D1}.Debug|x64.ActiveCfg = Debug|Any CPU
		{4F90429F-3CB1-4972-AEC1-3A06FA8841D1}.Debug|x64.Build.0 = Debug|Any CPU
		{4F90429F-3CB1-4972-AEC1-3A06FA8841D1}.Debug|x86.ActiveCfg = Debug|Any CPU
		{4F90429F-3CB1-4972-AEC1-3A06FA8841D1}.Debug|x86.Build.0 = Debug|Any CPU
		{4F90429F-3CB1-4972-AEC1-3A06FA8841D1}.Release|Any CPU.ActiveCfg = Release|Any CPU
		{4F90429F-3CB1-4972-AEC1-3A06FA8841D1}.Release|Any CPU.Build.0 = Release|Any CPU
		{4F90429F-3CB1-4972-AEC1-3A06FA8841D1}.Release|x64.ActiveCfg = Release|Any CPU
		{4F90429F-3CB1-4972-AEC1-3A06FA8841D1}.Release|x64.Build.0 = Release|Any CPU
		{4F90429F-3CB1-4972-AEC1-3A06FA8841D1}.Release|x86.ActiveCfg = Release|Any CPU
		{4F90429F-3CB1-4972-AEC1-3A06FA8841D1}.Release|x86.Build.0 = Release|Any CPU
		{12EBDE43-C8C0-4E1A-A90E-CCEDD192F3C4}.Debug|Any CPU.ActiveCfg = Debug|Any CPU
		{12EBDE43-C8C0-4E1A-A90E-CCEDD192F3C4}.Debug|Any CPU.Build.0 = Debug|Any CPU
		{12EBDE43-C8C0-4E1A-A90E-CCEDD192F3C4}.Debug|x64.ActiveCfg = Debug|x64
		{12EBDE43-C8C0-4E1A-A90E-CCEDD192F3C4}.Debug|x64.Build.0 = Debug|x64
		{12EBDE43-C8C0-4E1A-A90E-CCEDD192F3C4}.Debug|x86.ActiveCfg = Debug|x86
		{12EBDE43-C8C0-4E1A-A90E-CCEDD192F3C4}.Debug|x86.Build.0 = Debug|x86
		{12EBDE43-C8C0-4E1A-A90E-CCEDD192F3C4}.Release|Any CPU.ActiveCfg = Release|Any CPU
		{12EBDE43-C8C0-4E1A-A90E-CCEDD192F3C4}.Release|Any CPU.Build.0 = Release|Any CPU
		{12EBDE43-C8C0-4E1A-A90E-CCEDD192F3C4}.Release|x64.ActiveCfg = Release|x64
		{12EBDE43-C8C0-4E1A-A90E-CCEDD192F3C4}.Release|x64.Build.0 = Release|x64
		{12EBDE43-C8C0-4E1A-A90E-CCEDD192F3C4}.Release|x86.ActiveCfg = Release|x86
		{12EBDE43-C8C0-4E1A-A90E-CCEDD192F3C4}.Release|x86.Build.0 = Release|x86
		{1227CB89-959D-4881-95F7-2A59B89313B1}.Debug|Any CPU.ActiveCfg = Debug|Any CPU
		{1227CB89-959D-4881-95F7-2A59B89313B1}.Debug|Any CPU.Build.0 = Debug|Any CPU
		{1227CB89-959D-4881-95F7-2A59B89313B1}.Debug|x64.ActiveCfg = Debug|x64
		{1227CB89-959D-4881-95F7-2A59B89313B1}.Debug|x64.Build.0 = Debug|x64
		{1227CB89-959D-4881-95F7-2A59B89313B1}.Debug|x86.ActiveCfg = Debug|x86
		{1227CB89-959D-4881-95F7-2A59B89313B1}.Debug|x86.Build.0 = Debug|x86
		{1227CB89-959D-4881-95F7-2A59B89313B1}.Release|Any CPU.ActiveCfg = Release|Any CPU
		{1227CB89-959D-4881-95F7-2A59B89313B1}.Release|Any CPU.Build.0 = Release|Any CPU
		{1227CB89-959D-4881-95F7-2A59B89313B1}.Release|x64.ActiveCfg = Release|x64
		{1227CB89-959D-4881-95F7-2A59B89313B1}.Release|x64.Build.0 = Release|x64
		{1227CB89-959D-4881-95F7-2A59B89313B1}.Release|x86.ActiveCfg = Release|x86
		{1227CB89-959D-4881-95F7-2A59B89313B1}.Release|x86.Build.0 = Release|x86
		{BD3077BF-A142-4F06-B9C7-DA9B854F8135}.Debug|Any CPU.ActiveCfg = Debug|Any CPU
		{BD3077BF-A142-4F06-B9C7-DA9B854F8135}.Debug|Any CPU.Build.0 = Debug|Any CPU
		{BD3077BF-A142-4F06-B9C7-DA9B854F8135}.Debug|x64.ActiveCfg = Debug|x64
		{BD3077BF-A142-4F06-B9C7-DA9B854F8135}.Debug|x64.Build.0 = Debug|x64
		{BD3077BF-A142-4F06-B9C7-DA9B854F8135}.Debug|x86.ActiveCfg = Debug|x86
		{BD3077BF-A142-4F06-B9C7-DA9B854F8135}.Debug|x86.Build.0 = Debug|x86
		{BD3077BF-A142-4F06-B9C7-DA9B854F8135}.Release|Any CPU.ActiveCfg = Release|Any CPU
		{BD3077BF-A142-4F06-B9C7-DA9B854F8135}.Release|Any CPU.Build.0 = Release|Any CPU
		{BD3077BF-A142-4F06-B9C7-DA9B854F8135}.Release|x64.ActiveCfg = Release|x64
		{BD3077BF-A142-4F06-B9C7-DA9B854F8135}.Release|x64.Build.0 = Release|x64
		{BD3077BF-A142-4F06-B9C7-DA9B854F8135}.Release|x86.ActiveCfg = Release|x86
		{BD3077BF-A142-4F06-B9C7-DA9B854F8135}.Release|x86.Build.0 = Release|x86
		{BF7B4064-77F0-4521-BB35-EA8A69C058D1}.Debug|Any CPU.ActiveCfg = Debug|Any CPU
		{BF7B4064-77F0-4521-BB35-EA8A69C058D1}.Debug|Any CPU.Build.0 = Debug|Any CPU
		{BF7B4064-77F0-4521-BB35-EA8A69C058D1}.Debug|x64.ActiveCfg = Debug|Any CPU
		{BF7B4064-77F0-4521-BB35-EA8A69C058D1}.Debug|x64.Build.0 = Debug|Any CPU
		{BF7B4064-77F0-4521-BB35-EA8A69C058D1}.Debug|x86.ActiveCfg = Debug|Any CPU
		{BF7B4064-77F0-4521-BB35-EA8A69C058D1}.Debug|x86.Build.0 = Debug|Any CPU
		{BF7B4064-77F0-4521-BB35-EA8A69C058D1}.Release|Any CPU.ActiveCfg = Release|Any CPU
		{BF7B4064-77F0-4521-BB35-EA8A69C058D1}.Release|Any CPU.Build.0 = Release|Any CPU
		{BF7B4064-77F0-4521-BB35-EA8A69C058D1}.Release|x64.ActiveCfg = Release|Any CPU
		{BF7B4064-77F0-4521-BB35-EA8A69C058D1}.Release|x64.Build.0 = Release|Any CPU
		{BF7B4064-77F0-4521-BB35-EA8A69C058D1}.Release|x86.ActiveCfg = Release|Any CPU
		{BF7B4064-77F0-4521-BB35-EA8A69C058D1}.Release|x86.Build.0 = Release|Any CPU
		{1FC039C7-6E2D-4312-9A84-3E4E217542F5}.Debug|Any CPU.ActiveCfg = Debug|Any CPU
		{1FC039C7-6E2D-4312-9A84-3E4E217542F5}.Debug|Any CPU.Build.0 = Debug|Any CPU
		{1FC039C7-6E2D-4312-9A84-3E4E217542F5}.Debug|x64.ActiveCfg = Debug|x64
		{1FC039C7-6E2D-4312-9A84-3E4E217542F5}.Debug|x64.Build.0 = Debug|x64
		{1FC039C7-6E2D-4312-9A84-3E4E217542F5}.Debug|x86.ActiveCfg = Debug|x86
		{1FC039C7-6E2D-4312-9A84-3E4E217542F5}.Debug|x86.Build.0 = Debug|x86
		{1FC039C7-6E2D-4312-9A84-3E4E217542F5}.Release|Any CPU.ActiveCfg = Release|Any CPU
		{1FC039C7-6E2D-4312-9A84-3E4E217542F5}.Release|Any CPU.Build.0 = Release|Any CPU
		{1FC039C7-6E2D-4312-9A84-3E4E217542F5}.Release|x64.ActiveCfg = Release|x64
		{1FC039C7-6E2D-4312-9A84-3E4E217542F5}.Release|x64.Build.0 = Release|x64
		{1FC039C7-6E2D-4312-9A84-3E4E217542F5}.Release|x86.ActiveCfg = Release|x86
		{1FC039C7-6E2D-4312-9A84-3E4E217542F5}.Release|x86.Build.0 = Release|x86
	EndGlobalSection
	GlobalSection(SolutionProperties) = preSolution
		HideSolutionNode = FALSE
	EndGlobalSection
	GlobalSection(NestedProjects) = preSolution
		{4F90429F-3CB1-4972-AEC1-3A06FA8841D1} = {30452AB0-23BE-49EC-9CA7-75B321224AE0}
		{12EBDE43-C8C0-4E1A-A90E-CCEDD192F3C4} = {7A9EE8D9-79AE-42FD-9415-471DC0A865A1}
		{1227CB89-959D-4881-95F7-2A59B89313B1} = {7A9EE8D9-79AE-42FD-9415-471DC0A865A1}
		{BD3077BF-A142-4F06-B9C7-DA9B854F8135} = {7A9EE8D9-79AE-42FD-9415-471DC0A865A1}
		{BF7B4064-77F0-4521-BB35-EA8A69C058D1} = {30452AB0-23BE-49EC-9CA7-75B321224AE0}
		{1FC039C7-6E2D-4312-9A84-3E4E217542F5} = {7A9EE8D9-79AE-42FD-9415-471DC0A865A1}
	EndGlobalSection
	GlobalSection(ExtensibilityGlobals) = postSolution
		SolutionGuid = {3976ABBF-5720-41F9-899D-F5A14AEAC7F3}
	EndGlobalSection
EndGlobal
